
Microsoft Visual Studio Solution File, Format Version 12.00
# Visual Studio 15
VisualStudioVersion = 15.0.27703.2026
MinimumVisualStudioVersion = 10.0.40219.1
Project("{FAE04EC0-301F-11D3-BF4B-00C04F79EFBC}") = "embytogether", "embytogether\embytogether.csproj", "{D370CD53-5C27-44FC-B2AF-54FA5E97140D}"
EndProject
Global
	GlobalSection(SolutionConfigurationPlatforms) = preSolution
		Debug|Any CPU = Debug|Any CPU
		Release|Any CPU = Release|Any CPU
	EndGlobalSection
	GlobalSection(ProjectConfigurationPlatforms) = postSolution
		{D370CD53-5C27-44FC-B2AF-54FA5E97140D}.Debug|Any CPU.ActiveCfg = Debug|Any CPU
		{D370CD53-5C27-44FC-B2AF-54FA5E97140D}.Debug|Any CPU.Build.0 = Debug|Any CPU
		{D370CD53-5C27-44FC-B2AF-54FA5E97140D}.Release|Any CPU.ActiveCfg = Release|Any CPU
		{D370CD53-5C27-44FC-B2AF-54FA5E97140D}.Release|Any CPU.Build.0 = Release|Any CPU
	EndGlobalSection
	GlobalSection(SolutionProperties) = preSolution
		HideSolutionNode = FALSE
	EndGlobalSection
	GlobalSection(ExtensibilityGlobals) = postSolution
		SolutionGuid = {B46E9A42-D595-4834-A235-6D82F26FA6EA}
	EndGlobalSection
EndGlobal
